// !$*UTF8*$!
{
	archiveVersion = 1;
	classes = {
	};
	objectVersion = 56;
	objects = {

/* Begin PBXBuildFile section */
		956AC5A52BC1674100B22DD9 /* AppDelegate.swift in Sources */ = {isa = PBXBuildFile; fileRef = 956AC5A42BC1674100B22DD9 /* AppDelegate.swift */; };
		956AC5A72BC1674100B22DD9 /* SceneDelegate.swift in Sources */ = {isa = PBXBuildFile; fileRef = 956AC5A62BC1674100B22DD9 /* SceneDelegate.swift */; };
		956AC5A92BC1674100B22DD9 /* ViewController.swift in Sources */ = {isa = PBXBuildFile; fileRef = 956AC5A82BC1674100B22DD9 /* ViewController.swift */; };
		956AC5AC2BC1674100B22DD9 /* Main.storyboard in Resources */ = {isa = PBXBuildFile; fileRef = 956AC5AA2BC1674100B22DD9 /* Main.storyboard */; };
		956AC5AE2BC1674300B22DD9 /* Assets.xcassets in Resources */ = {isa = PBXBuildFile; fileRef = 956AC5AD2BC1674300B22DD9 /* Assets.xcassets */; };
		956AC5B12BC1674300B22DD9 /* LaunchScreen.storyboard in Resources */ = {isa = PBXBuildFile; fileRef = 956AC5AF2BC1674300B22DD9 /* LaunchScreen.storyboard */; };
		956AC5BC2BC1674300B22DD9 /* downTests.swift in Sources */ = {isa = PBXBuildFile; fileRef = 956AC5BB2BC1674300B22DD9 /* downTests.swift */; };
		956AC5C62BC1674300B22DD9 /* downUITests.swift in Sources */ = {isa = PBXBuildFile; fileRef = 956AC5C52BC1674300B22DD9 /* downUITests.swift */; };
		956AC5C82BC1674300B22DD9 /* downUITestsLaunchTests.swift in Sources */ = {isa = PBXBuildFile; fileRef = 956AC5C72BC1674300B22DD9 /* downUITestsLaunchTests.swift */; };
/* End PBXBuildFile section */

/* Begin PBXContainerItemProxy section */
		956AC5B82BC1674300B22DD9 /* PBXContainerItemProxy */ = {
			isa = PBXContainerItemProxy;
			containerPortal = 956AC5992BC1674100B22DD9 /* Project object */;
			proxyType = 1;
			remoteGlobalIDString = 956AC5A02BC1674100B22DD9;
			remoteInfo = down;
		};
		956AC5C22BC1674300B22DD9 /* PBXContainerItemProxy */ = {
			isa = PBXContainerItemProxy;
			containerPortal = 956AC5992BC1674100B22DD9 /* Project object */;
			proxyType = 1;
			remoteGlobalIDString = 956AC5A02BC1674100B22DD9;
			remoteInfo = down;
		};
/* End PBXContainerItemProxy section */

/* Begin PBXFileReference section */
		956AC5A12BC1674100B22DD9 /* down.app */ = {isa = PBXFileReference; explicitFileType = wrapper.application; includeInIndex = 0; path = down.app; sourceTree = BUILT_PRODUCTS_DIR; };
		956AC5A42BC1674100B22DD9 /* AppDelegate.swift */ = {isa = PBXFileReference; lastKnownFileType = sourcecode.swift; path = AppDelegate.swift; sourceTree = "<group>"; };
		956AC5A62BC1674100B22DD9 /* SceneDelegate.swift */ = {isa = PBXFileReference; lastKnownFileType = sourcecode.swift; path = SceneDelegate.swift; sourceTree = "<group>"; };
		956AC5A82BC1674100B22DD9 /* ViewController.swift */ = {isa = PBXFileReference; lastKnownFileType = sourcecode.swift; path = ViewController.swift; sourceTree = "<group>"; };
		956AC5AB2BC1674100B22DD9 /* Base */ = {isa = PBXFileReference; lastKnownFileType = file.storyboard; name = Base; path = Base.lproj/Main.storyboard; sourceTree = "<group>"; };
		956AC5AD2BC1674300B22DD9 /* Assets.xcassets */ = {isa = PBXFileReference; lastKnownFileType = folder.assetcatalog; path = Assets.xcassets; sourceTree = "<group>"; };
		956AC5B02BC1674300B22DD9 /* Base */ = {isa = PBXFileReference; lastKnownFileType = file.storyboard; name = Base; path = Base.lproj/LaunchScreen.storyboard; sourceTree = "<group>"; };
		956AC5B22BC1674300B22DD9 /* Info.plist */ = {isa = PBXFileReference; lastKnownFileType = text.plist.xml; path = Info.plist; sourceTree = "<group>"; };
		956AC5B72BC1674300B22DD9 /* downTests.xctest */ = {isa = PBXFileReference; explicitFileType = wrapper.cfbundle; includeInIndex = 0; path = downTests.xctest; sourceTree = BUILT_PRODUCTS_DIR; };
		956AC5BB2BC1674300B22DD9 /* downTests.swift */ = {isa = PBXFileReference; lastKnownFileType = sourcecode.swift; path = downTests.swift; sourceTree = "<group>"; };
		956AC5C12BC1674300B22DD9 /* downUITests.xctest */ = {isa = PBXFileReference; explicitFileType = wrapper.cfbundle; includeInIndex = 0; path = downUITests.xctest; sourceTree = BUILT_PRODUCTS_DIR; };
		956AC5C52BC1674300B22DD9 /* downUITests.swift */ = {isa = PBXFileReference; lastKnownFileType = sourcecode.swift; path = downUITests.swift; sourceTree = "<group>"; };
		956AC5C72BC1674300B22DD9 /* downUITestsLaunchTests.swift */ = {isa = PBXFileReference; lastKnownFileType = sourcecode.swift; path = downUITestsLaunchTests.swift; sourceTree = "<group>"; };
/* End PBXFileReference section */

/* Begin PBXFrameworksBuildPhase section */
		956AC59E2BC1674100B22DD9 /* Frameworks */ = {
			isa = PBXFrameworksBuildPhase;
			buildActionMask = 2147483647;
			files = (
			);
			runOnlyForDeploymentPostprocessing = 0;
		};
		956AC5B42BC1674300B22DD9 /* Frameworks */ = {
			isa = PBXFrameworksBuildPhase;
			buildActionMask = 2147483647;
			files = (
			);
			runOnlyForDeploymentPostprocessing = 0;
		};
		956AC5BE2BC1674300B22DD9 /* Frameworks */ = {
			isa = PBXFrameworksBuildPhase;
			buildActionMask = 2147483647;
			files = (
			);
			runOnlyForDeploymentPostprocessing = 0;
		};
/* End PBXFrameworksBuildPhase section */

/* Begin PBXGroup section */
		956AC5982BC1674100B22DD9 = {
			isa = PBXGroup;
			children = (
				956AC5A32BC1674100B22DD9 /* down */,
				956AC5BA2BC1674300B22DD9 /* downTests */,
				956AC5C42BC1674300B22DD9 /* downUITests */,
				956AC5A22BC1674100B22DD9 /* Products */,
			);
			sourceTree = "<group>";
		};
		956AC5A22BC1674100B22DD9 /* Products */ = {
			isa = PBXGroup;
			children = (
				956AC5A12BC1674100B22DD9 /* down.app */,
				956AC5B72BC1674300B22DD9 /* downTests.xctest */,
				956AC5C12BC1674300B22DD9 /* downUITests.xctest */,
			);
			name = Products;
			sourceTree = "<group>";
		};
		956AC5A32BC1674100B22DD9 /* down */ = {
			isa = PBXGroup;
			children = (
				956AC5A42BC1674100B22DD9 /* AppDelegate.swift */,
				956AC5A62BC1674100B22DD9 /* SceneDelegate.swift */,
				956AC5A82BC1674100B22DD9 /* ViewController.swift */,
				956AC5AA2BC1674100B22DD9 /* Main.storyboard */,
				956AC5AD2BC1674300B22DD9 /* Assets.xcassets */,
				956AC5AF2BC1674300B22DD9 /* LaunchScreen.storyboard */,
				956AC5B22BC1674300B22DD9 /* Info.plist */,
			);
			path = down;
			sourceTree = "<group>";
		};
		956AC5BA2BC1674300B22DD9 /* downTests */ = {
			isa = PBXGroup;
			children = (
				956AC5BB2BC1674300B22DD9 /* downTests.swift */,
			);
			path = downTests;
			sourceTree = "<group>";
		};
		956AC5C42BC1674300B22DD9 /* downUITests */ = {
			isa = PBXGroup;
			children = (
				956AC5C52BC1674300B22DD9 /* downUITests.swift */,
				956AC5C72BC1674300B22DD9 /* downUITestsLaunchTests.swift */,
			);
			path = downUITests;
			sourceTree = "<group>";
		};
/* End PBXGroup section */

/* Begin PBXNativeTarget section */
		956AC5A02BC1674100B22DD9 /* down */ = {
			isa = PBXNativeTarget;
			buildConfigurationList = 956AC5CB2BC1674300B22DD9 /* Build configuration list for PBXNativeTarget "down" */;
			buildPhases = (
				956AC59D2BC1674100B22DD9 /* Sources */,
				956AC59E2BC1674100B22DD9 /* Frameworks */,
				956AC59F2BC1674100B22DD9 /* Resources */,
			);
			buildRules = (
			);
			dependencies = (
			);
			name = down;
			productName = down;
			productReference = 956AC5A12BC1674100B22DD9 /* down.app */;
			productType = "com.apple.product-type.application";
		};
		956AC5B62BC1674300B22DD9 /* downTests */ = {
			isa = PBXNativeTarget;
			buildConfigurationList = 956AC5CE2BC1674300B22DD9 /* Build configuration list for PBXNativeTarget "downTests" */;
			buildPhases = (
				956AC5B32BC1674300B22DD9 /* Sources */,
				956AC5B42BC1674300B22DD9 /* Frameworks */,
				956AC5B52BC1674300B22DD9 /* Resources */,
			);
			buildRules = (
			);
			dependencies = (
				956AC5B92BC1674300B22DD9 /* PBXTargetDependency */,
			);
			name = downTests;
			productName = downTests;
			productReference = 956AC5B72BC1674300B22DD9 /* downTests.xctest */;
			productType = "com.apple.product-type.bundle.unit-test";
		};
		956AC5C02BC1674300B22DD9 /* downUITests */ = {
			isa = PBXNativeTarget;
			buildConfigurationList = 956AC5D12BC1674300B22DD9 /* Build configuration list for PBXNativeTarget "downUITests" */;
			buildPhases = (
				956AC5BD2BC1674300B22DD9 /* Sources */,
				956AC5BE2BC1674300B22DD9 /* Frameworks */,
				956AC5BF2BC1674300B22DD9 /* Resources */,
			);
			buildRules = (
			);
			dependencies = (
				956AC5C32BC1674300B22DD9 /* PBXTargetDependency */,
			);
			name = downUITests;
			productName = downUITests;
			productReference = 956AC5C12BC1674300B22DD9 /* downUITests.xctest */;
			productType = "com.apple.product-type.bundle.ui-testing";
		};
/* End PBXNativeTarget section */

/* Begin PBXProject section */
		956AC5992BC1674100B22DD9 /* Project object */ = {
			isa = PBXProject;
			attributes = {
				BuildIndependentTargetsInParallel = 1;
				LastSwiftUpdateCheck = 1520;
				LastUpgradeCheck = 1520;
				TargetAttributes = {
					956AC5A02BC1674100B22DD9 = {
						CreatedOnToolsVersion = 15.2;
					};
					956AC5B62BC1674300B22DD9 = {
						CreatedOnToolsVersion = 15.2;
						TestTargetID = 956AC5A02BC1674100B22DD9;
					};
					956AC5C02BC1674300B22DD9 = {
						CreatedOnToolsVersion = 15.2;
						TestTargetID = 956AC5A02BC1674100B22DD9;
					};
				};
			};
			buildConfigurationList = 956AC59C2BC1674100B22DD9 /* Build configuration list for PBXProject "down" */;
			compatibilityVersion = "Xcode 14.0";
			developmentRegion = en;
			hasScannedForEncodings = 0;
			knownRegions = (
				en,
				Base,
			);
			mainGroup = 956AC5982BC1674100B22DD9;
			productRefGroup = 956AC5A22BC1674100B22DD9 /* Products */;
			projectDirPath = "";
			projectRoot = "";
			targets = (
				956AC5A02BC1674100B22DD9 /* down */,
				956AC5B62BC1674300B22DD9 /* downTests */,
				956AC5C02BC1674300B22DD9 /* downUITests */,
			);
		};
/* End PBXProject section */

/* Begin PBXResourcesBuildPhase section */
		956AC59F2BC1674100B22DD9 /* Resources */ = {
			isa = PBXResourcesBuildPhase;
			buildActionMask = 2147483647;
			files = (
				956AC5B12BC1674300B22DD9 /* LaunchScreen.storyboard in Resources */,
				956AC5AE2BC1674300B22DD9 /* Assets.xcassets in Resources */,
				956AC5AC2BC1674100B22DD9 /* Main.storyboard in Resources */,
			);
			runOnlyForDeploymentPostprocessing = 0;
		};
		956AC5B52BC1674300B22DD9 /* Resources */ = {
			isa = PBXResourcesBuildPhase;
			buildActionMask = 2147483647;
			files = (
			);
			runOnlyForDeploymentPostprocessing = 0;
		};
		956AC5BF2BC1674300B22DD9 /* Resources */ = {
			isa = PBXResourcesBuildPhase;
			buildActionMask = 2147483647;
			files = (
			);
			runOnlyForDeploymentPostprocessing = 0;
		};
/* End PBXResourcesBuildPhase section */

/* Begin PBXSourcesBuildPhase section */
		956AC59D2BC1674100B22DD9 /* Sources */ = {
			isa = PBXSourcesBuildPhase;
			buildActionMask = 2147483647;
			files = (
				956AC5A92BC1674100B22DD9 /* ViewController.swift in Sources */,
				956AC5A52BC1674100B22DD9 /* AppDelegate.swift in Sources */,
				956AC5A72BC1674100B22DD9 /* SceneDelegate.swift in Sources */,
			);
			runOnlyForDeploymentPostprocessing = 0;
		};
		956AC5B32BC1674300B22DD9 /* Sources */ = {
			isa = PBXSourcesBuildPhase;
			buildActionMask = 2147483647;
			files = (
				956AC5BC2BC1674300B22DD9 /* downTests.swift in Sources */,
			);
			runOnlyForDeploymentPostprocessing = 0;
		};
		956AC5BD2BC1674300B22DD9 /* Sources */ = {
			isa = PBXSourcesBuildPhase;
			buildActionMask = 2147483647;
			files = (
				956AC5C82BC1674300B22DD9 /* downUITestsLaunchTests.swift in Sources */,
				956AC5C62BC1674300B22DD9 /* downUITests.swift in Sources */,
			);
			runOnlyForDeploymentPostprocessing = 0;
		};
/* End PBXSourcesBuildPhase section */

/* Begin PBXTargetDependency section */
		956AC5B92BC1674300B22DD9 /* PBXTargetDependency */ = {
			isa = PBXTargetDependency;
			target = 956AC5A02BC1674100B22DD9 /* down */;
			targetProxy = 956AC5B82BC1674300B22DD9 /* PBXContainerItemProxy */;
		};
		956AC5C32BC1674300B22DD9 /* PBXTargetDependency */ = {
			isa = PBXTargetDependency;
			target = 956AC5A02BC1674100B22DD9 /* down */;
			targetProxy = 956AC5C22BC1674300B22DD9 /* PBXContainerItemProxy */;
		};
/* End PBXTargetDependency section */

/* Begin PBXVariantGroup section */
		956AC5AA2BC1674100B22DD9 /* Main.storyboard */ = {
			isa = PBXVariantGroup;
			children = (
				956AC5AB2BC1674100B22DD9 /* Base */,
			);
			name = Main.storyboard;
			sourceTree = "<group>";
		};
		956AC5AF2BC1674300B22DD9 /* LaunchScreen.storyboard */ = {
			isa = PBXVariantGroup;
			children = (
				956AC5B02BC1674300B22DD9 /* Base */,
			);
			name = LaunchScreen.storyboard;
			sourceTree = "<group>";
		};
/* End PBXVariantGroup section */

/* Begin XCBuildConfiguration section */
		956AC5C92BC1674300B22DD9 /* Debug */ = {
			isa = XCBuildConfiguration;
			buildSettings = {
				ALWAYS_SEARCH_USER_PATHS = NO;
				ASSETCATALOG_COMPILER_GENERATE_SWIFT_ASSET_SYMBOL_EXTENSIONS = YES;
				CLANG_ANALYZER_NONNULL = YES;
				CLANG_ANALYZER_NUMBER_OBJECT_CONVERSION = YES_AGGRESSIVE;
				CLANG_CXX_LANGUAGE_STANDARD = "gnu++20";
				CLANG_ENABLE_MODULES = YES;
				CLANG_ENABLE_OBJC_ARC = YES;
				CLANG_ENABLE_OBJC_WEAK = YES;
				CLANG_WARN_BLOCK_CAPTURE_AUTORELEASING = YES;
				CLANG_WARN_BOOL_CONVERSION = YES;
				CLANG_WARN_COMMA = YES;
				CLANG_WARN_CONSTANT_CONVERSION = YES;
				CLANG_WARN_DEPRECATED_OBJC_IMPLEMENTATIONS = YES;
				CLANG_WARN_DIRECT_OBJC_ISA_USAGE = YES_ERROR;
				CLANG_WARN_DOCUMENTATION_COMMENTS = YES;
				CLANG_WARN_EMPTY_BODY = YES;
				CLANG_WARN_ENUM_CONVERSION = YES;
				CLANG_WARN_INFINITE_RECURSION = YES;
				CLANG_WARN_INT_CONVERSION = YES;
				CLANG_WARN_NON_LITERAL_NULL_CONVERSION = YES;
				CLANG_WARN_OBJC_IMPLICIT_RETAIN_SELF = YES;
				CLANG_WARN_OBJC_LITERAL_CONVERSION = YES;
				CLANG_WARN_OBJC_ROOT_CLASS = YES_ERROR;
				CLANG_WARN_QUOTED_INCLUDE_IN_FRAMEWORK_HEADER = YES;
				CLANG_WARN_RANGE_LOOP_ANALYSIS = YES;
				CLANG_WARN_STRICT_PROTOTYPES = YES;
				CLANG_WARN_SUSPICIOUS_MOVE = YES;
				CLANG_WARN_UNGUARDED_AVAILABILITY = YES_AGGRESSIVE;
				CLANG_WARN_UNREACHABLE_CODE = YES;
				CLANG_WARN__DUPLICATE_METHOD_MATCH = YES;
				COPY_PHASE_STRIP = NO;
				DEBUG_INFORMATION_FORMAT = dwarf;
				ENABLE_STRICT_OBJC_MSGSEND = YES;
				ENABLE_TESTABILITY = YES;
				ENABLE_USER_SCRIPT_SANDBOXING = YES;
				GCC_C_LANGUAGE_STANDARD = gnu17;
				GCC_DYNAMIC_NO_PIC = NO;
				GCC_NO_COMMON_BLOCKS = YES;
				GCC_OPTIMIZATION_LEVEL = 0;
				GCC_PREPROCESSOR_DEFINITIONS = (
					"DEBUG=1",
					"$(inherited)",
				);
				GCC_WARN_64_TO_32_BIT_CONVERSION = YES;
				GCC_WARN_ABOUT_RETURN_TYPE = YES_ERROR;
				GCC_WARN_UNDECLARED_SELECTOR = YES;
				GCC_WARN_UNINITIALIZED_AUTOS = YES_AGGRESSIVE;
				GCC_WARN_UNUSED_FUNCTION = YES;
				GCC_WARN_UNUSED_VARIABLE = YES;
				IPHONEOS_DEPLOYMENT_TARGET = 17.2;
				LOCALIZATION_PREFERS_STRING_CATALOGS = YES;
				MTL_ENABLE_DEBUG_INFO = INCLUDE_SOURCE;
				MTL_FAST_MATH = YES;
				ONLY_ACTIVE_ARCH = YES;
				SDKROOT = iphoneos;
				SWIFT_ACTIVE_COMPILATION_CONDITIONS = "DEBUG $(inherited)";
				SWIFT_OPTIMIZATION_LEVEL = "-Onone";
			};
			name = Debug;
		};
		956AC5CA2BC1674300B22DD9 /* Release */ = {
			isa = XCBuildConfiguration;
			buildSettings = {
				ALWAYS_SEARCH_USER_PATHS = NO;
				ASSETCATALOG_COMPILER_GENERATE_SWIFT_ASSET_SYMBOL_EXTENSIONS = YES;
				CLANG_ANALYZER_NONNULL = YES;
				CLANG_ANALYZER_NUMBER_OBJECT_CONVERSION = YES_AGGRESSIVE;
				CLANG_CXX_LANGUAGE_STANDARD = "gnu++20";
				CLANG_ENABLE_MODULES = YES;
				CLANG_ENABLE_OBJC_ARC = YES;
				CLANG_ENABLE_OBJC_WEAK = YES;
				CLANG_WARN_BLOCK_CAPTURE_AUTORELEASING = YES;
				CLANG_WARN_BOOL_CONVERSION = YES;
				CLANG_WARN_COMMA = YES;
				CLANG_WARN_CONSTANT_CONVERSION = YES;
				CLANG_WARN_DEPRECATED_OBJC_IMPLEMENTATIONS = YES;
				CLANG_WARN_DIRECT_OBJC_ISA_USAGE = YES_ERROR;
				CLANG_WARN_DOCUMENTATION_COMMENTS = YES;
				CLANG_WARN_EMPTY_BODY = YES;
				CLANG_WARN_ENUM_CONVERSION = YES;
				CLANG_WARN_INFINITE_RECURSION = YES;
				CLANG_WARN_INT_CONVERSION = YES;
				CLANG_WARN_NON_LITERAL_NULL_CONVERSION = YES;
				CLANG_WARN_OBJC_IMPLICIT_RETAIN_SELF = YES;
				CLANG_WARN_OBJC_LITERAL_CONVERSION = YES;
				CLANG_WARN_OBJC_ROOT_CLASS = YES_ERROR;
				CLANG_WARN_QUOTED_INCLUDE_IN_FRAMEWORK_HEADER = YES;
				CLANG_WARN_RANGE_LOOP_ANALYSIS = YES;
				CLANG_WARN_STRICT_PROTOTYPES = YES;
				CLANG_WARN_SUSPICIOUS_MOVE = YES;
				CLANG_WARN_UNGUARDED_AVAILABILITY = YES_AGGRESSIVE;
				CLANG_WARN_UNREACHABLE_CODE = YES;
				CLANG_WARN__DUPLICATE_METHOD_MATCH = YES;
				COPY_PHASE_STRIP = NO;
				DEBUG_INFORMATION_FORMAT = "dwarf-with-dsym";
				ENABLE_NS_ASSERTIONS = NO;
				ENABLE_STRICT_OBJC_MSGSEND = YES;
				ENABLE_USER_SCRIPT_SANDBOXING = YES;
				GCC_C_LANGUAGE_STANDARD = gnu17;
				GCC_NO_COMMON_BLOCKS = YES;
				GCC_WARN_64_TO_32_BIT_CONVERSION = YES;
				GCC_WARN_ABOUT_RETURN_TYPE = YES_ERROR;
				GCC_WARN_UNDECLARED_SELECTOR = YES;
				GCC_WARN_UNINITIALIZED_AUTOS = YES_AGGRESSIVE;
				GCC_WARN_UNUSED_FUNCTION = YES;
				GCC_WARN_UNUSED_VARIABLE = YES;
				IPHONEOS_DEPLOYMENT_TARGET = 17.2;
				LOCALIZATION_PREFERS_STRING_CATALOGS = YES;
				MTL_ENABLE_DEBUG_INFO = NO;
				MTL_FAST_MATH = YES;
				SDKROOT = iphoneos;
				SWIFT_COMPILATION_MODE = wholemodule;
				VALIDATE_PRODUCT = YES;
			};
			name = Release;
		};
		956AC5CC2BC1674300B22DD9 /* Debug */ = {
			isa = XCBuildConfiguration;
			buildSettings = {
				ASSETCATALOG_COMPILER_APPICON_NAME = AppIcon;
				ASSETCATALOG_COMPILER_GLOBAL_ACCENT_COLOR_NAME = AccentColor;
				CODE_SIGN_STYLE = Automatic;
				CURRENT_PROJECT_VERSION = 1;
				GENERATE_INFOPLIST_FILE = YES;
				INFOPLIST_FILE = down/Info.plist;
				INFOPLIST_KEY_UIApplicationSupportsIndirectInputEvents = YES;
				INFOPLIST_KEY_UILaunchStoryboardName = LaunchScreen;
				INFOPLIST_KEY_UIMainStoryboardFile = Main;
				INFOPLIST_KEY_UISupportedInterfaceOrientations_iPad = "UIInterfaceOrientationPortrait UIInterfaceOrientationPortraitUpsideDown UIInterfaceOrientationLandscapeLeft UIInterfaceOrientationLandscapeRight";
				INFOPLIST_KEY_UISupportedInterfaceOrientations_iPhone = "UIInterfaceOrientationPortrait UIInterfaceOrientationLandscapeLeft UIInterfaceOrientationLandscapeRight";
				LD_RUNPATH_SEARCH_PATHS = (
					"$(inherited)",
					"@executable_path/Frameworks",
				);
				MARKETING_VERSION = 1.0;
				PRODUCT_BUNDLE_IDENTIFIER = com.sumit.down;
				PRODUCT_NAME = "$(TARGET_NAME)";
				SWIFT_EMIT_LOC_STRINGS = YES;
				SWIFT_VERSION = 5.0;
				TARGETED_DEVICE_FAMILY = "1,2";
			};
			name = Debug;
		};
		956AC5CD2BC1674300B22DD9 /* Release */ = {
			isa = XCBuildConfiguration;
			buildSettings = {
				ASSETCATALOG_COMPILER_APPICON_NAME = AppIcon;
				ASSETCATALOG_COMPILER_GLOBAL_ACCENT_COLOR_NAME = AccentColor;
				CODE_SIGN_STYLE = Automatic;
				CURRENT_PROJECT_VERSION = 1;
				GENERATE_INFOPLIST_FILE = YES;
				INFOPLIST_FILE = down/Info.plist;
				INFOPLIST_KEY_UIApplicationSupportsIndirectInputEvents = YES;
				INFOPLIST_KEY_UILaunchStoryboardName = LaunchScreen;
				INFOPLIST_KEY_UIMainStoryboardFile = Main;
				INFOPLIST_KEY_UISupportedInterfaceOrientations_iPad = "UIInterfaceOrientationPortrait UIInterfaceOrientationPortraitUpsideDown UIInterfaceOrientationLandscapeLeft UIInterfaceOrientationLandscapeRight";
				INFOPLIST_KEY_UISupportedInterfaceOrientations_iPhone = "UIInterfaceOrientationPortrait UIInterfaceOrientationLandscapeLeft UIInterfaceOrientationLandscapeRight";
				LD_RUNPATH_SEARCH_PATHS = (
					"$(inherited)",
					"@executable_path/Frameworks",
				);
				MARKETING_VERSION = 1.0;
				PRODUCT_BUNDLE_IDENTIFIER = com.sumit.down;
				PRODUCT_NAME = "$(TARGET_NAME)";
				SWIFT_EMIT_LOC_STRINGS = YES;
				SWIFT_VERSION = 5.0;
				TARGETED_DEVICE_FAMILY = "1,2";
			};
			name = Release;
		};
		956AC5CF2BC1674300B22DD9 /* Debug */ = {
			isa = XCBuildConfiguration;
			buildSettings = {
				ALWAYS_EMBED_SWIFT_STANDARD_LIBRARIES = YES;
				BUNDLE_LOADER = "$(TEST_HOST)";
				CODE_SIGN_STYLE = Automatic;
				CURRENT_PROJECT_VERSION = 1;
				GENERATE_INFOPLIST_FILE = YES;
				IPHONEOS_DEPLOYMENT_TARGET = 17.2;
				MARKETING_VERSION = 1.0;
				PRODUCT_BUNDLE_IDENTIFIER = com.sumit.downTests;
				PRODUCT_NAME = "$(TARGET_NAME)";
				SWIFT_EMIT_LOC_STRINGS = NO;
				SWIFT_VERSION = 5.0;
				TARGETED_DEVICE_FAMILY = "1,2";
				TEST_HOST = "$(BUILT_PRODUCTS_DIR)/down.app/$(BUNDLE_EXECUTABLE_FOLDER_PATH)/down";
			};
			name = Debug;
		};
		956AC5D02BC1674300B22DD9 /* Release */ = {
			isa = XCBuildConfiguration;
			buildSettings = {
				ALWAYS_EMBED_SWIFT_STANDARD_LIBRARIES = YES;
				BUNDLE_LOADER = "$(TEST_HOST)";
				CODE_SIGN_STYLE = Automatic;
				CURRENT_PROJECT_VERSION = 1;
				GENERATE_INFOPLIST_FILE = YES;
				IPHONEOS_DEPLOYMENT_TARGET = 17.2;
				MARKETING_VERSION = 1.0;
				PRODUCT_BUNDLE_IDENTIFIER = com.sumit.downTests;
				PRODUCT_NAME = "$(TARGET_NAME)";
				SWIFT_EMIT_LOC_STRINGS = NO;
				SWIFT_VERSION = 5.0;
				TARGETED_DEVICE_FAMILY = "1,2";
				TEST_HOST = "$(BUILT_PRODUCTS_DIR)/down.app/$(BUNDLE_EXECUTABLE_FOLDER_PATH)/down";
			};
			name = Release;
		};
		956AC5D22BC1674300B22DD9 /* Debug */ = {
			isa = XCBuildConfiguration;
			buildSettings = {
				ALWAYS_EMBED_SWIFT_STANDARD_LIBRARIES = YES;
				CODE_SIGN_STYLE = Automatic;
				CURRENT_PROJECT_VERSION = 1;
				GENERATE_INFOPLIST_FILE = YES;
				MARKETING_VERSION = 1.0;
				PRODUCT_BUNDLE_IDENTIFIER = com.sumit.downUITests;
				PRODUCT_NAME = "$(TARGET_NAME)";
				SWIFT_EMIT_LOC_STRINGS = NO;
				SWIFT_VERSION = 5.0;
				TARGETED_DEVICE_FAMILY = "1,2";
				TEST_TARGET_NAME = down;
			};
			name = Debug;
		};
		956AC5D32BC1674300B22DD9 /* Release */ = {
			isa = XCBuildConfiguration;
			buildSettings = {
				ALWAYS_EMBED_SWIFT_STANDARD_LIBRARIES = YES;
				CODE_SIGN_STYLE = Automatic;
				CURRENT_PROJECT_VERSION = 1;
				GENERATE_INFOPLIST_FILE = YES;
				MARKETING_VERSION = 1.0;
				PRODUCT_BUNDLE_IDENTIFIER = com.sumit.downUITests;
				PRODUCT_NAME = "$(TARGET_NAME)";
				SWIFT_EMIT_LOC_STRINGS = NO;
				SWIFT_VERSION = 5.0;
				TARGETED_DEVICE_FAMILY = "1,2";
				TEST_TARGET_NAME = down;
			};
			name = Release;
		};
/* End XCBuildConfiguration section */

/* Begin XCConfigurationList section */
		956AC59C2BC1674100B22DD9 /* Build configuration list for PBXProject "down" */ = {
			isa = XCConfigurationList;
			buildConfigurations = (
				956AC5C92BC1674300B22DD9 /* Debug */,
				956AC5CA2BC1674300B22DD9 /* Release */,
			);
			defaultConfigurationIsVisible = 0;
			defaultConfigurationName = Release;
		};
		956AC5CB2BC1674300B22DD9 /* Build configuration list for PBXNativeTarget "down" */ = {
			isa = XCConfigurationList;
			buildConfigurations = (
				956AC5CC2BC1674300B22DD9 /* Debug */,
				956AC5CD2BC1674300B22DD9 /* Release */,
			);
			defaultConfigurationIsVisible = 0;
			defaultConfigurationName = Release;
		};
		956AC5CE2BC1674300B22DD9 /* Build configuration list for PBXNativeTarget "downTests" */ = {
			isa = XCConfigurationList;
			buildConfigurations = (
				956AC5CF2BC1674300B22DD9 /* Debug */,
				956AC5D02BC1674300B22DD9 /* Release */,
			);
			defaultConfigurationIsVisible = 0;
			defaultConfigurationName = Release;
		};
		956AC5D12BC1674300B22DD9 /* Build configuration list for PBXNativeTarget "downUITests" */ = {
			isa = XCConfigurationList;
			buildConfigurations = (
				956AC5D22BC1674300B22DD9 /* Debug */,
				956AC5D32BC1674300B22DD9 /* Release */,
			);
			defaultConfigurationIsVisible = 0;
			defaultConfigurationName = Release;
		};
/* End XCConfigurationList section */
	};
	rootObject = 956AC5992BC1674100B22DD9 /* Project object */;
}
